
Microsoft Visual Studio Solution File, Format Version 12.00
# Visual Studio Version 17
VisualStudioVersion = 17.14.36603.0 d17.14
MinimumVisualStudioVersion = 10.0.40219.1
Project("{FAE04EC0-301F-11D3-BF4B-00C04F79EFBC}") = "ExercicioContadorInimigo", "ExercicioContadorInimigo\ExercicioContadorInimigo.csproj", "{DE5D8941-21D9-4BF1-B686-72BD46CFA247}"
EndProject
Global
	GlobalSection(SolutionConfigurationPlatforms) = preSolution
		Debug|Any CPU = Debug|Any CPU
		Release|Any CPU = Release|Any CPU
	EndGlobalSection
	GlobalSection(ProjectConfigurationPlatforms) = postSolution
		{DE5D8941-21D9-4BF1-B686-72BD46CFA247}.Debug|Any CPU.ActiveCfg = Debug|Any CPU
		{DE5D8941-21D9-4BF1-B686-72BD46CFA247}.Debug|Any CPU.Build.0 = Debug|Any CPU
		{DE5D8941-21D9-4BF1-B686-72BD46CFA247}.Release|Any CPU.ActiveCfg = Release|Any CPU
		{DE5D8941-21D9-4BF1-B686-72BD46CFA247}.Release|Any CPU.Build.0 = Release|Any CPU
	EndGlobalSection
	GlobalSection(SolutionProperties) = preSolution
		HideSolutionNode = FALSE
	EndGlobalSection
	GlobalSection(ExtensibilityGlobals) = postSolution
		SolutionGuid = {708F1EDA-A143-4291-BBB3-87D83CB702F4}
	EndGlobalSection
EndGlobal
